{
  "meteor": {},
  "dependencies": {
    "basePackages": {
      "npm": {},
      "moment": {},
      "typeahead-js": {}
    },
    "packages": {
      "npm": {
        "git": "https://github.com/arunoda/meteor-npm.git",
        "tag": "v0.2.2",
        "commit": "ad83acff83385d5ea05997c8bbc2d7493ba4c04e"
      },
      "moment": {
        "git": "https://github.com/acreeger/meteor-moment.git",
        "tag": "v2.2.1",
        "commit": "9ee12e714afe56b189f53076447b7b54f3012065"
      },
      "typeahead-js": {
        "git": "https://github.com/olragon/meteor-typeahead-js.git",
        "tag": "v0.9.3",
        "commit": "9241c6c68f39cf37699b5de7b03d60a5434a5d21"
      }
    }
  }
}
